
Microsoft Visual Studio Solution File, Format Version 12.00
# Visual Studio Version 16
VisualStudioVersion = 16.0.30413.136
MinimumVisualStudioVersion = 10.0.40219.1
Project("{FAE04EC0-301F-11D3-BF4B-00C04F79EFBC}") = "Reisbureau", "Reisbureau\Reisbureau.csproj", "{608136A8-B693-4DC7-AFF8-CAB666FBDF3B}"
EndProject
Global
	GlobalSection(SolutionConfigurationPlatforms) = preSolution
		Debug|Any CPU = Debug|Any CPU
		Release|Any CPU = Release|Any CPU
	EndGlobalSection
	GlobalSection(ProjectConfigurationPlatforms) = postSolution
		{608136A8-B693-4DC7-AFF8-CAB666FBDF3B}.Debug|Any CPU.ActiveCfg = Debug|Any CPU
		{608136A8-B693-4DC7-AFF8-CAB666FBDF3B}.Debug|Any CPU.Build.0 = Debug|Any CPU
		{608136A8-B693-4DC7-AFF8-CAB666FBDF3B}.Release|Any CPU.ActiveCfg = Release|Any CPU
		{608136A8-B693-4DC7-AFF8-CAB666FBDF3B}.Release|Any CPU.Build.0 = Release|Any CPU
	EndGlobalSection
	GlobalSection(SolutionProperties) = preSolution
		HideSolutionNode = FALSE
	EndGlobalSection
	GlobalSection(ExtensibilityGlobals) = postSolution
		SolutionGuid = {469F67C4-72DA-4C84-B912-C65A78558A5C}
	EndGlobalSection
EndGlobal
